// !$*UTF8*$!
{
	archiveVersion = 1;
	classes = {
	};
	objectVersion = 55;
	objects = {

/* Begin PBXBuildFile section */
		141CDD012791B420003754C9 /* ClutterView.swift in Sources */ = {isa = PBXBuildFile; fileRef = 141CDD002791B420003754C9 /* ClutterView.swift */; };
		141CDD032791B447003754C9 /* ProcessView.swift in Sources */ = {isa = PBXBuildFile; fileRef = 141CDD022791B447003754C9 /* ProcessView.swift */; };
		1429CB282799EEB7002D2686 /* CounterFetcher.swift in Sources */ = {isa = PBXBuildFile; fileRef = 1429CB272799EEB7002D2686 /* CounterFetcher.swift */; };
		1429CB2A279C46D1002D2686 /* goal.json in Resources */ = {isa = PBXBuildFile; fileRef = 1429CB29279C46D1002D2686 /* goal.json */; };
		1429CB2C279C470A002D2686 /* Goal.swift in Sources */ = {isa = PBXBuildFile; fileRef = 1429CB2B279C470A002D2686 /* Goal.swift */; };
		1429CB2E279C47DE002D2686 /* ModalData.swift in Sources */ = {isa = PBXBuildFile; fileRef = 1429CB2D279C47DE002D2686 /* ModalData.swift */; };
		1429CB30279CE633002D2686 /* Alert.swift in Sources */ = {isa = PBXBuildFile; fileRef = 1429CB2F279CE633002D2686 /* Alert.swift */; };
		143985222796E4C30079CEF8 /* ListDay.swift in Sources */ = {isa = PBXBuildFile; fileRef = 143985212796E4C30079CEF8 /* ListDay.swift */; };
		143985242796F45E0079CEF8 /* OnboardingStateFetcher.swift in Sources */ = {isa = PBXBuildFile; fileRef = 143985232796F45E0079CEF8 /* OnboardingStateFetcher.swift */; };
		143985262796FF820079CEF8 /* BottomSheetView.swift in Sources */ = {isa = PBXBuildFile; fileRef = 143985252796FF820079CEF8 /* BottomSheetView.swift */; };
		14399E3627922D4F00D455CF /* Checkmarker.swift in Sources */ = {isa = PBXBuildFile; fileRef = 14399E3527922D4F00D455CF /* Checkmarker.swift */; };
		14399E382792348300D455CF /* AchievedCard.swift in Sources */ = {isa = PBXBuildFile; fileRef = 14399E372792348300D455CF /* AchievedCard.swift */; };
		14399E3B27923F8900D455CF /* ColorExtension.swift in Sources */ = {isa = PBXBuildFile; fileRef = 14399E3A27923F8900D455CF /* ColorExtension.swift */; };
		14399E3D2793286100D455CF /* Scroll.swift in Sources */ = {isa = PBXBuildFile; fileRef = 14399E3C2793286100D455CF /* Scroll.swift */; };
		14399E3F2793391200D455CF /* NewDetail.swift in Sources */ = {isa = PBXBuildFile; fileRef = 14399E3E2793391200D455CF /* NewDetail.swift */; };
		14399E41279339F300D455CF /* Onboarding1View.swift in Sources */ = {isa = PBXBuildFile; fileRef = 14399E40279339F300D455CF /* Onboarding1View.swift */; };
		14399E4327933A4900D455CF /* Onboarding2View.swift in Sources */ = {isa = PBXBuildFile; fileRef = 14399E4227933A4900D455CF /* Onboarding2View.swift */; };
		14399E4527933A5B00D455CF /* Onboarding3View.swift in Sources */ = {isa = PBXBuildFile; fileRef = 14399E4427933A5B00D455CF /* Onboarding3View.swift */; };
		14399E4727933B1B00D455CF /* OnboardingButton.swift in Sources */ = {isa = PBXBuildFile; fileRef = 14399E4627933B1B00D455CF /* OnboardingButton.swift */; };
		14399E4927936BDB00D455CF /* InformationView.swift in Sources */ = {isa = PBXBuildFile; fileRef = 14399E4827936BDB00D455CF /* InformationView.swift */; };
		14399E4B27936F3700D455CF /* InformationCard.swift in Sources */ = {isa = PBXBuildFile; fileRef = 14399E4A27936F3700D455CF /* InformationCard.swift */; };
		144358542795A6AF00CD18B1 /* OnboardingStepsView.swift in Sources */ = {isa = PBXBuildFile; fileRef = 144358532795A6AF00CD18B1 /* OnboardingStepsView.swift */; };
		144358582795ED5C00CD18B1 /* CardView.swift in Sources */ = {isa = PBXBuildFile; fileRef = 144358572795ED5C00CD18B1 /* CardView.swift */; };
		147028E7278F211700D4A106 /* MinimuApp.swift in Sources */ = {isa = PBXBuildFile; fileRef = 147028E6278F211700D4A106 /* MinimuApp.swift */; };
		147028E9278F211700D4A106 /* ContentView.swift in Sources */ = {isa = PBXBuildFile; fileRef = 147028E8278F211700D4A106 /* ContentView.swift */; };
		147028EB278F211A00D4A106 /* Assets.xcassets in Resources */ = {isa = PBXBuildFile; fileRef = 147028EA278F211A00D4A106 /* Assets.xcassets */; };
		147028EE278F211A00D4A106 /* Preview Assets.xcassets in Resources */ = {isa = PBXBuildFile; fileRef = 147028ED278F211A00D4A106 /* Preview Assets.xcassets */; };
		147028F0278F211A00D4A106 /* Persistence.swift in Sources */ = {isa = PBXBuildFile; fileRef = 147028EF278F211A00D4A106 /* Persistence.swift */; };
		147028F3278F211A00D4A106 /* Minimu.xcdatamodeld in Sources */ = {isa = PBXBuildFile; fileRef = 147028F1278F211A00D4A106 /* Minimu.xcdatamodeld */; };
/* End PBXBuildFile section */

/* Begin PBXFileReference section */
		141CDD002791B420003754C9 /* ClutterView.swift */ = {isa = PBXFileReference; lastKnownFileType = sourcecode.swift; path = ClutterView.swift; sourceTree = "<group>"; };
		141CDD022791B447003754C9 /* ProcessView.swift */ = {isa = PBXFileReference; lastKnownFileType = sourcecode.swift; path = ProcessView.swift; sourceTree = "<group>"; };
		1429CB272799EEB7002D2686 /* CounterFetcher.swift */ = {isa = PBXFileReference; lastKnownFileType = sourcecode.swift; path = CounterFetcher.swift; sourceTree = "<group>"; };
		1429CB29279C46D1002D2686 /* goal.json */ = {isa = PBXFileReference; fileEncoding = 4; lastKnownFileType = text.json; path = goal.json; sourceTree = "<group>"; };
		1429CB2B279C470A002D2686 /* Goal.swift */ = {isa = PBXFileReference; lastKnownFileType = sourcecode.swift; path = Goal.swift; sourceTree = "<group>"; };
		1429CB2D279C47DE002D2686 /* ModalData.swift */ = {isa = PBXFileReference; lastKnownFileType = sourcecode.swift; path = ModalData.swift; sourceTree = "<group>"; };
		1429CB2F279CE633002D2686 /* Alert.swift */ = {isa = PBXFileReference; lastKnownFileType = sourcecode.swift; path = Alert.swift; sourceTree = "<group>"; };
		143985212796E4C30079CEF8 /* ListDay.swift */ = {isa = PBXFileReference; lastKnownFileType = sourcecode.swift; path = ListDay.swift; sourceTree = "<group>"; };
		143985232796F45E0079CEF8 /* OnboardingStateFetcher.swift */ = {isa = PBXFileReference; lastKnownFileType = sourcecode.swift; path = OnboardingStateFetcher.swift; sourceTree = "<group>"; };
		143985252796FF820079CEF8 /* BottomSheetView.swift */ = {isa = PBXFileReference; lastKnownFileType = sourcecode.swift; path = BottomSheetView.swift; sourceTree = "<group>"; };
		14399E3527922D4F00D455CF /* Checkmarker.swift */ = {isa = PBXFileReference; lastKnownFileType = sourcecode.swift; path = Checkmarker.swift; sourceTree = "<group>"; };
		14399E372792348300D455CF /* AchievedCard.swift */ = {isa = PBXFileReference; lastKnownFileType = sourcecode.swift; path = AchievedCard.swift; sourceTree = "<group>"; };
		14399E3A27923F8900D455CF /* ColorExtension.swift */ = {isa = PBXFileReference; lastKnownFileType = sourcecode.swift; path = ColorExtension.swift; sourceTree = "<group>"; };
		14399E3C2793286100D455CF /* Scroll.swift */ = {isa = PBXFileReference; lastKnownFileType = sourcecode.swift; path = Scroll.swift; sourceTree = "<group>"; };
		14399E3E2793391200D455CF /* NewDetail.swift */ = {isa = PBXFileReference; lastKnownFileType = sourcecode.swift; path = NewDetail.swift; sourceTree = "<group>"; };
		14399E40279339F300D455CF /* Onboarding1View.swift */ = {isa = PBXFileReference; lastKnownFileType = sourcecode.swift; path = Onboarding1View.swift; sourceTree = "<group>"; };
		14399E4227933A4900D455CF /* Onboarding2View.swift */ = {isa = PBXFileReference; lastKnownFileType = sourcecode.swift; path = Onboarding2View.swift; sourceTree = "<group>"; };
		14399E4427933A5B00D455CF /* Onboarding3View.swift */ = {isa = PBXFileReference; lastKnownFileType = sourcecode.swift; path = Onboarding3View.swift; sourceTree = "<group>"; };
		14399E4627933B1B00D455CF /* OnboardingButton.swift */ = {isa = PBXFileReference; lastKnownFileType = sourcecode.swift; path = OnboardingButton.swift; sourceTree = "<group>"; };
		14399E4827936BDB00D455CF /* InformationView.swift */ = {isa = PBXFileReference; lastKnownFileType = sourcecode.swift; path = InformationView.swift; sourceTree = "<group>"; };
		14399E4A27936F3700D455CF /* InformationCard.swift */ = {isa = PBXFileReference; lastKnownFileType = sourcecode.swift; path = InformationCard.swift; sourceTree = "<group>"; };
		144358532795A6AF00CD18B1 /* OnboardingStepsView.swift */ = {isa = PBXFileReference; lastKnownFileType = sourcecode.swift; path = OnboardingStepsView.swift; sourceTree = "<group>"; };
		144358572795ED5C00CD18B1 /* CardView.swift */ = {isa = PBXFileReference; lastKnownFileType = sourcecode.swift; path = CardView.swift; sourceTree = "<group>"; };
		147028E3278F211700D4A106 /* Minimu.app */ = {isa = PBXFileReference; explicitFileType = wrapper.application; includeInIndex = 0; path = Minimu.app; sourceTree = BUILT_PRODUCTS_DIR; };
		147028E6278F211700D4A106 /* MinimuApp.swift */ = {isa = PBXFileReference; lastKnownFileType = sourcecode.swift; path = MinimuApp.swift; sourceTree = "<group>"; };
		147028E8278F211700D4A106 /* ContentView.swift */ = {isa = PBXFileReference; lastKnownFileType = sourcecode.swift; path = ContentView.swift; sourceTree = "<group>"; };
		147028EA278F211A00D4A106 /* Assets.xcassets */ = {isa = PBXFileReference; lastKnownFileType = folder.assetcatalog; path = Assets.xcassets; sourceTree = "<group>"; };
		147028ED278F211A00D4A106 /* Preview Assets.xcassets */ = {isa = PBXFileReference; lastKnownFileType = folder.assetcatalog; path = "Preview Assets.xcassets"; sourceTree = "<group>"; };
		147028EF278F211A00D4A106 /* Persistence.swift */ = {isa = PBXFileReference; lastKnownFileType = sourcecode.swift; path = Persistence.swift; sourceTree = "<group>"; };
		147028F2278F211A00D4A106 /* Minimu.xcdatamodel */ = {isa = PBXFileReference; lastKnownFileType = wrapper.xcdatamodel; path = Minimu.xcdatamodel; sourceTree = "<group>"; };
/* End PBXFileReference section */

/* Begin PBXFrameworksBuildPhase section */
		147028E0278F211700D4A106 /* Frameworks */ = {
			isa = PBXFrameworksBuildPhase;
			buildActionMask = 2147483647;
			files = (
			);
			runOnlyForDeploymentPostprocessing = 0;
		};
/* End PBXFrameworksBuildPhase section */

/* Begin PBXGroup section */
		141CDCFD2791B29D003754C9 /* Utils */ = {
			isa = PBXGroup;
			children = (
				1429CB2B279C470A002D2686 /* Goal.swift */,
				1429CB29279C46D1002D2686 /* goal.json */,
				147028E6278F211700D4A106 /* MinimuApp.swift */,
				147028E8278F211700D4A106 /* ContentView.swift */,
				141CDCFF2791B3E2003754C9 /* Views */,
				141CDCFE2791B2FF003754C9 /* Componentes */,
				14399E3927923F6900D455CF /* Extensions */,
				143985232796F45E0079CEF8 /* OnboardingStateFetcher.swift */,
				1429CB272799EEB7002D2686 /* CounterFetcher.swift */,
				1429CB2D279C47DE002D2686 /* ModalData.swift */,
			);
			path = Utils;
			sourceTree = "<group>";
		};
		141CDCFE2791B2FF003754C9 /* Componentes */ = {
			isa = PBXGroup;
			children = (
				14399E3527922D4F00D455CF /* Checkmarker.swift */,
				143985212796E4C30079CEF8 /* ListDay.swift */,
				14399E4A27936F3700D455CF /* InformationCard.swift */,
				14399E3C2793286100D455CF /* Scroll.swift */,
				14399E372792348300D455CF /* AchievedCard.swift */,
				14399E3E2793391200D455CF /* NewDetail.swift */,
				14399E4627933B1B00D455CF /* OnboardingButton.swift */,
				1429CB2F279CE633002D2686 /* Alert.swift */,
			);
			path = Componentes;
			sourceTree = "<group>";
		};
		141CDCFF2791B3E2003754C9 /* Views */ = {
			isa = PBXGroup;
			children = (
				141CDD022791B447003754C9 /* ProcessView.swift */,
				141CDD002791B420003754C9 /* ClutterView.swift */,
				144358572795ED5C00CD18B1 /* CardView.swift */,
				14399E4827936BDB00D455CF /* InformationView.swift */,
				143985252796FF820079CEF8 /* BottomSheetView.swift */,
				14399E40279339F300D455CF /* Onboarding1View.swift */,
				14399E4227933A4900D455CF /* Onboarding2View.swift */,
				14399E4427933A5B00D455CF /* Onboarding3View.swift */,
				144358532795A6AF00CD18B1 /* OnboardingStepsView.swift */,
			);
			path = Views;
			sourceTree = "<group>";
		};
		14399E3927923F6900D455CF /* Extensions */ = {
			isa = PBXGroup;
			children = (
				14399E3A27923F8900D455CF /* ColorExtension.swift */,
			);
			path = Extensions;
			sourceTree = "<group>";
		};
		147028DA278F211700D4A106 = {
			isa = PBXGroup;
			children = (
				147028E5278F211700D4A106 /* Minimu */,
				147028E4278F211700D4A106 /* Products */,
			);
			sourceTree = "<group>";
		};
		147028E4278F211700D4A106 /* Products */ = {
			isa = PBXGroup;
			children = (
				147028E3278F211700D4A106 /* Minimu.app */,
			);
			name = Products;
			sourceTree = "<group>";
		};
		147028E5278F211700D4A106 /* Minimu */ = {
			isa = PBXGroup;
			children = (
				141CDCFD2791B29D003754C9 /* Utils */,
				147028EA278F211A00D4A106 /* Assets.xcassets */,
				147028EF278F211A00D4A106 /* Persistence.swift */,
				147028F1278F211A00D4A106 /* Minimu.xcdatamodeld */,
				147028EC278F211A00D4A106 /* Preview Content */,
			);
			path = Minimu;
			sourceTree = "<group>";
		};
		147028EC278F211A00D4A106 /* Preview Content */ = {
			isa = PBXGroup;
			children = (
				147028ED278F211A00D4A106 /* Preview Assets.xcassets */,
			);
			path = "Preview Content";
			sourceTree = "<group>";
		};
/* End PBXGroup section */

/* Begin PBXNativeTarget section */
		147028E2278F211700D4A106 /* Minimu */ = {
			isa = PBXNativeTarget;
			buildConfigurationList = 147028F6278F211A00D4A106 /* Build configuration list for PBXNativeTarget "Minimu" */;
			buildPhases = (
				147028DF278F211700D4A106 /* Sources */,
				147028E0278F211700D4A106 /* Frameworks */,
				147028E1278F211700D4A106 /* Resources */,
			);
			buildRules = (
			);
			dependencies = (
			);
			name = Minimu;
			productName = Minimu;
			productReference = 147028E3278F211700D4A106 /* Minimu.app */;
			productType = "com.apple.product-type.application";
		};
/* End PBXNativeTarget section */

/* Begin PBXProject section */
		147028DB278F211700D4A106 /* Project object */ = {
			isa = PBXProject;
			attributes = {
				BuildIndependentTargetsInParallel = 1;
				LastSwiftUpdateCheck = 1320;
				LastUpgradeCheck = 1320;
				TargetAttributes = {
					147028E2278F211700D4A106 = {
						CreatedOnToolsVersion = 13.2.1;
					};
				};
			};
			buildConfigurationList = 147028DE278F211700D4A106 /* Build configuration list for PBXProject "Minimu" */;
			compatibilityVersion = "Xcode 13.0";
			developmentRegion = en;
			hasScannedForEncodings = 0;
			knownRegions = (
				en,
				Base,
			);
			mainGroup = 147028DA278F211700D4A106;
			productRefGroup = 147028E4278F211700D4A106 /* Products */;
			projectDirPath = "";
			projectRoot = "";
			targets = (
				147028E2278F211700D4A106 /* Minimu */,
			);
		};
/* End PBXProject section */

/* Begin PBXResourcesBuildPhase section */
		147028E1278F211700D4A106 /* Resources */ = {
			isa = PBXResourcesBuildPhase;
			buildActionMask = 2147483647;
			files = (
				1429CB2A279C46D1002D2686 /* goal.json in Resources */,
				147028EE278F211A00D4A106 /* Preview Assets.xcassets in Resources */,
				147028EB278F211A00D4A106 /* Assets.xcassets in Resources */,
			);
			runOnlyForDeploymentPostprocessing = 0;
		};
/* End PBXResourcesBuildPhase section */

/* Begin PBXSourcesBuildPhase section */
		147028DF278F211700D4A106 /* Sources */ = {
			isa = PBXSourcesBuildPhase;
			buildActionMask = 2147483647;
			files = (
				141CDD012791B420003754C9 /* ClutterView.swift in Sources */,
				144358542795A6AF00CD18B1 /* OnboardingStepsView.swift in Sources */,
				143985262796FF820079CEF8 /* BottomSheetView.swift in Sources */,
				14399E4B27936F3700D455CF /* InformationCard.swift in Sources */,
				14399E4927936BDB00D455CF /* InformationView.swift in Sources */,
				147028F0278F211A00D4A106 /* Persistence.swift in Sources */,
				14399E382792348300D455CF /* AchievedCard.swift in Sources */,
				14399E3F2793391200D455CF /* NewDetail.swift in Sources */,
				144358582795ED5C00CD18B1 /* CardView.swift in Sources */,
				147028E9278F211700D4A106 /* ContentView.swift in Sources */,
				14399E41279339F300D455CF /* Onboarding1View.swift in Sources */,
				14399E4327933A4900D455CF /* Onboarding2View.swift in Sources */,
				1429CB282799EEB7002D2686 /* CounterFetcher.swift in Sources */,
				14399E3D2793286100D455CF /* Scroll.swift in Sources */,
				141CDD032791B447003754C9 /* ProcessView.swift in Sources */,
				14399E4527933A5B00D455CF /* Onboarding3View.swift in Sources */,
				1429CB2C279C470A002D2686 /* Goal.swift in Sources */,
				14399E4727933B1B00D455CF /* OnboardingButton.swift in Sources */,
				1429CB30279CE633002D2686 /* Alert.swift in Sources */,
				14399E3627922D4F00D455CF /* Checkmarker.swift in Sources */,
				147028F3278F211A00D4A106 /* Minimu.xcdatamodeld in Sources */,
				143985242796F45E0079CEF8 /* OnboardingStateFetcher.swift in Sources */,
				147028E7278F211700D4A106 /* MinimuApp.swift in Sources */,
				1429CB2E279C47DE002D2686 /* ModalData.swift in Sources */,
				143985222796E4C30079CEF8 /* ListDay.swift in Sources */,
				14399E3B27923F8900D455CF /* ColorExtension.swift in Sources */,
			);
			runOnlyForDeploymentPostprocessing = 0;
		};
/* End PBXSourcesBuildPhase section */

/* Begin XCBuildConfiguration section */
		147028F4278F211A00D4A106 /* Debug */ = {
			isa = XCBuildConfiguration;
			buildSettings = {
				ALWAYS_SEARCH_USER_PATHS = NO;
				CLANG_ANALYZER_NONNULL = YES;
				CLANG_ANALYZER_NUMBER_OBJECT_CONVERSION = YES_AGGRESSIVE;
				CLANG_CXX_LANGUAGE_STANDARD = "gnu++17";
				CLANG_CXX_LIBRARY = "libc++";
				CLANG_ENABLE_MODULES = YES;
				CLANG_ENABLE_OBJC_ARC = YES;
				CLANG_ENABLE_OBJC_WEAK = YES;
				CLANG_WARN_BLOCK_CAPTURE_AUTORELEASING = YES;
				CLANG_WARN_BOOL_CONVERSION = YES;
				CLANG_WARN_COMMA = YES;
				CLANG_WARN_CONSTANT_CONVERSION = YES;
				CLANG_WARN_DEPRECATED_OBJC_IMPLEMENTATIONS = YES;
				CLANG_WARN_DIRECT_OBJC_ISA_USAGE = YES_ERROR;
				CLANG_WARN_DOCUMENTATION_COMMENTS = YES;
				CLANG_WARN_EMPTY_BODY = YES;
				CLANG_WARN_ENUM_CONVERSION = YES;
				CLANG_WARN_INFINITE_RECURSION = YES;
				CLANG_WARN_INT_CONVERSION = YES;
				CLANG_WARN_NON_LITERAL_NULL_CONVERSION = YES;
				CLANG_WARN_OBJC_IMPLICIT_RETAIN_SELF = YES;
				CLANG_WARN_OBJC_LITERAL_CONVERSION = YES;
				CLANG_WARN_OBJC_ROOT_CLASS = YES_ERROR;
				CLANG_WARN_QUOTED_INCLUDE_IN_FRAMEWORK_HEADER = YES;
				CLANG_WARN_RANGE_LOOP_ANALYSIS = YES;
				CLANG_WARN_STRICT_PROTOTYPES = YES;
				CLANG_WARN_SUSPICIOUS_MOVE = YES;
				CLANG_WARN_UNGUARDED_AVAILABILITY = YES_AGGRESSIVE;
				CLANG_WARN_UNREACHABLE_CODE = YES;
				CLANG_WARN__DUPLICATE_METHOD_MATCH = YES;
				COPY_PHASE_STRIP = NO;
				DEBUG_INFORMATION_FORMAT = dwarf;
				ENABLE_STRICT_OBJC_MSGSEND = YES;
				ENABLE_TESTABILITY = YES;
				GCC_C_LANGUAGE_STANDARD = gnu11;
				GCC_DYNAMIC_NO_PIC = NO;
				GCC_NO_COMMON_BLOCKS = YES;
				GCC_OPTIMIZATION_LEVEL = 0;
				GCC_PREPROCESSOR_DEFINITIONS = (
					"DEBUG=1",
					"$(inherited)",
				);
				GCC_WARN_64_TO_32_BIT_CONVERSION = YES;
				GCC_WARN_ABOUT_RETURN_TYPE = YES_ERROR;
				GCC_WARN_UNDECLARED_SELECTOR = YES;
				GCC_WARN_UNINITIALIZED_AUTOS = YES_AGGRESSIVE;
				GCC_WARN_UNUSED_FUNCTION = YES;
				GCC_WARN_UNUSED_VARIABLE = YES;
				IPHONEOS_DEPLOYMENT_TARGET = 15.2;
				MTL_ENABLE_DEBUG_INFO = INCLUDE_SOURCE;
				MTL_FAST_MATH = YES;
				ONLY_ACTIVE_ARCH = YES;
				SDKROOT = iphoneos;
				SWIFT_ACTIVE_COMPILATION_CONDITIONS = DEBUG;
				SWIFT_OPTIMIZATION_LEVEL = "-Onone";
			};
			name = Debug;
		};
		147028F5278F211A00D4A106 /* Release */ = {
			isa = XCBuildConfiguration;
			buildSettings = {
				ALWAYS_SEARCH_USER_PATHS = NO;
				CLANG_ANALYZER_NONNULL = YES;
				CLANG_ANALYZER_NUMBER_OBJECT_CONVERSION = YES_AGGRESSIVE;
				CLANG_CXX_LANGUAGE_STANDARD = "gnu++17";
				CLANG_CXX_LIBRARY = "libc++";
				CLANG_ENABLE_MODULES = YES;
				CLANG_ENABLE_OBJC_ARC = YES;
				CLANG_ENABLE_OBJC_WEAK = YES;
				CLANG_WARN_BLOCK_CAPTURE_AUTORELEASING = YES;
				CLANG_WARN_BOOL_CONVERSION = YES;
				CLANG_WARN_COMMA = YES;
				CLANG_WARN_CONSTANT_CONVERSION = YES;
				CLANG_WARN_DEPRECATED_OBJC_IMPLEMENTATIONS = YES;
				CLANG_WARN_DIRECT_OBJC_ISA_USAGE = YES_ERROR;
				CLANG_WARN_DOCUMENTATION_COMMENTS = YES;
				CLANG_WARN_EMPTY_BODY = YES;
				CLANG_WARN_ENUM_CONVERSION = YES;
				CLANG_WARN_INFINITE_RECURSION = YES;
				CLANG_WARN_INT_CONVERSION = YES;
				CLANG_WARN_NON_LITERAL_NULL_CONVERSION = YES;
				CLANG_WARN_OBJC_IMPLICIT_RETAIN_SELF = YES;
				CLANG_WARN_OBJC_LITERAL_CONVERSION = YES;
				CLANG_WARN_OBJC_ROOT_CLASS = YES_ERROR;
				CLANG_WARN_QUOTED_INCLUDE_IN_FRAMEWORK_HEADER = YES;
				CLANG_WARN_RANGE_LOOP_ANALYSIS = YES;
				CLANG_WARN_STRICT_PROTOTYPES = YES;
				CLANG_WARN_SUSPICIOUS_MOVE = YES;
				CLANG_WARN_UNGUARDED_AVAILABILITY = YES_AGGRESSIVE;
				CLANG_WARN_UNREACHABLE_CODE = YES;
				CLANG_WARN__DUPLICATE_METHOD_MATCH = YES;
				COPY_PHASE_STRIP = NO;
				DEBUG_INFORMATION_FORMAT = "dwarf-with-dsym";
				ENABLE_NS_ASSERTIONS = NO;
				ENABLE_STRICT_OBJC_MSGSEND = YES;
				GCC_C_LANGUAGE_STANDARD = gnu11;
				GCC_NO_COMMON_BLOCKS = YES;
				GCC_WARN_64_TO_32_BIT_CONVERSION = YES;
				GCC_WARN_ABOUT_RETURN_TYPE = YES_ERROR;
				GCC_WARN_UNDECLARED_SELECTOR = YES;
				GCC_WARN_UNINITIALIZED_AUTOS = YES_AGGRESSIVE;
				GCC_WARN_UNUSED_FUNCTION = YES;
				GCC_WARN_UNUSED_VARIABLE = YES;
				IPHONEOS_DEPLOYMENT_TARGET = 15.2;
				MTL_ENABLE_DEBUG_INFO = NO;
				MTL_FAST_MATH = YES;
				SDKROOT = iphoneos;
				SWIFT_COMPILATION_MODE = wholemodule;
				SWIFT_OPTIMIZATION_LEVEL = "-O";
				VALIDATE_PRODUCT = YES;
			};
			name = Release;
		};
		147028F7278F211A00D4A106 /* Debug */ = {
			isa = XCBuildConfiguration;
			buildSettings = {
				ASSETCATALOG_COMPILER_APPICON_NAME = AppIcon;
				ASSETCATALOG_COMPILER_GLOBAL_ACCENT_COLOR_NAME = AccentColor;
				CODE_SIGN_STYLE = Automatic;
				CURRENT_PROJECT_VERSION = 1;
				DEVELOPMENT_ASSET_PATHS = "\"Minimu/Preview Content\"";
				DEVELOPMENT_TEAM = R87R6SW4Y7;
				ENABLE_PREVIEWS = YES;
				GENERATE_INFOPLIST_FILE = YES;
				INFOPLIST_KEY_UIApplicationSceneManifest_Generation = YES;
				INFOPLIST_KEY_UIApplicationSupportsIndirectInputEvents = YES;
				INFOPLIST_KEY_UILaunchScreen_Generation = YES;
				INFOPLIST_KEY_UISupportedInterfaceOrientations_iPad = "UIInterfaceOrientationPortrait UIInterfaceOrientationPortraitUpsideDown UIInterfaceOrientationLandscapeLeft UIInterfaceOrientationLandscapeRight";
				INFOPLIST_KEY_UISupportedInterfaceOrientations_iPhone = "UIInterfaceOrientationPortrait UIInterfaceOrientationLandscapeLeft UIInterfaceOrientationLandscapeRight";
				LD_RUNPATH_SEARCH_PATHS = (
					"$(inherited)",
					"@executable_path/Frameworks",
				);
				MARKETING_VERSION = 1.0;
				PRODUCT_BUNDLE_IDENTIFIER = br.dev.Juliana.Minimu;
				PRODUCT_NAME = "$(TARGET_NAME)";
				SWIFT_EMIT_LOC_STRINGS = YES;
				SWIFT_VERSION = 5.0;
				TARGETED_DEVICE_FAMILY = "1,2";
			};
			name = Debug;
		};
		147028F8278F211A00D4A106 /* Release */ = {
			isa = XCBuildConfiguration;
			buildSettings = {
				ASSETCATALOG_COMPILER_APPICON_NAME = AppIcon;
				ASSETCATALOG_COMPILER_GLOBAL_ACCENT_COLOR_NAME = AccentColor;
				CODE_SIGN_STYLE = Automatic;
				CURRENT_PROJECT_VERSION = 1;
				DEVELOPMENT_ASSET_PATHS = "\"Minimu/Preview Content\"";
				DEVELOPMENT_TEAM = R87R6SW4Y7;
				ENABLE_PREVIEWS = YES;
				GENERATE_INFOPLIST_FILE = YES;
				INFOPLIST_KEY_UIApplicationSceneManifest_Generation = YES;
				INFOPLIST_KEY_UIApplicationSupportsIndirectInputEvents = YES;
				INFOPLIST_KEY_UILaunchScreen_Generation = YES;
				INFOPLIST_KEY_UISupportedInterfaceOrientations_iPad = "UIInterfaceOrientationPortrait UIInterfaceOrientationPortraitUpsideDown UIInterfaceOrientationLandscapeLeft UIInterfaceOrientationLandscapeRight";
				INFOPLIST_KEY_UISupportedInterfaceOrientations_iPhone = "UIInterfaceOrientationPortrait UIInterfaceOrientationLandscapeLeft UIInterfaceOrientationLandscapeRight";
				LD_RUNPATH_SEARCH_PATHS = (
					"$(inherited)",
					"@executable_path/Frameworks",
				);
				MARKETING_VERSION = 1.0;
				PRODUCT_BUNDLE_IDENTIFIER = br.dev.Juliana.Minimu;
				PRODUCT_NAME = "$(TARGET_NAME)";
				SWIFT_EMIT_LOC_STRINGS = YES;
				SWIFT_VERSION = 5.0;
				TARGETED_DEVICE_FAMILY = "1,2";
			};
			name = Release;
		};
/* End XCBuildConfiguration section */

/* Begin XCConfigurationList section */
		147028DE278F211700D4A106 /* Build configuration list for PBXProject "Minimu" */ = {
			isa = XCConfigurationList;
			buildConfigurations = (
				147028F4278F211A00D4A106 /* Debug */,
				147028F5278F211A00D4A106 /* Release */,
			);
			defaultConfigurationIsVisible = 0;
			defaultConfigurationName = Release;
		};
		147028F6278F211A00D4A106 /* Build configuration list for PBXNativeTarget "Minimu" */ = {
			isa = XCConfigurationList;
			buildConfigurations = (
				147028F7278F211A00D4A106 /* Debug */,
				147028F8278F211A00D4A106 /* Release */,
			);
			defaultConfigurationIsVisible = 0;
			defaultConfigurationName = Release;
		};
/* End XCConfigurationList section */

/* Begin XCVersionGroup section */
		147028F1278F211A00D4A106 /* Minimu.xcdatamodeld */ = {
			isa = XCVersionGroup;
			children = (
				147028F2278F211A00D4A106 /* Minimu.xcdatamodel */,
			);
			currentVersion = 147028F2278F211A00D4A106 /* Minimu.xcdatamodel */;
			path = Minimu.xcdatamodeld;
			sourceTree = "<group>";
			versionGroupType = wrapper.xcdatamodel;
		};
/* End XCVersionGroup section */
	};
	rootObject = 147028DB278F211700D4A106 /* Project object */;
}
